lockfileVersion: '9.0'

settings:
  autoInstallPeers: true
  excludeLinksFromLockfile: false

importers:

  .:
    devDependencies:
      b:
        specifier: https://pkg.pr.new/zirkelc/pkg-pr-new-publishconfig/b@1
        version: https://pkg.pr.new/zirkelc/pkg-pr-new-publishconfig/b@1
      i:
        specifier: ^0.3.7
        version: 0.3.7
      npm:
        specifier: ^11.2.0
        version: 11.2.0
      typescript:
        specifier: ^5.8.2
        version: 5.8.2

  packages/a:
    devDependencies:
      typescript:
        specifier: ^5.8.2
        version: 5.8.2

  packages/b:
    dependencies:
      a:
        specifier: workspace:*
        version: link:../a
    devDependencies:
      typescript:
        specifier: ^5.8.2
        version: 5.8.2

packages:

  a@https://pkg.pr.new/zirkelc/pkg-pr-new-publishconfig/a@2daeb78bc95535042afc448deab0201b29ed7993:
    resolution: {tarball: https://pkg.pr.new/zirkelc/pkg-pr-new-publishconfig/a@2daeb78bc95535042afc448deab0201b29ed7993}
    version: 1.0.0

  b@https://pkg.pr.new/zirkelc/pkg-pr-new-publishconfig/b@1:
    resolution: {tarball: https://pkg.pr.new/zirkelc/pkg-pr-new-publishconfig/b@1}
    version: 1.0.0

  i@0.3.7:
    resolution: {integrity: sha512-FYz4wlXgkQwIPqhzC5TdNMLSE5+GS1IIDJZY/1ZiEPCT2S3COUVZeT5OW4BmW4r5LHLQuOosSwsvnroG9GR59Q==}
    engines: {node: '>=0.4'}

  npm@11.2.0:
    resolution: {integrity: sha512-PcnFC6gTo9VDkxVaQ1/mZAS3JoWrDjAI+a6e2NgfYQSGDwftJlbdV0jBMi2V8xQPqbGcWaa7p3UP0SKF+Bhm2g==}
    engines: {node: ^20.17.0 || >=22.9.0}
    hasBin: true
    bundledDependencies:
      - '@isaacs/string-locale-compare'
      - '@npmcli/arborist'
      - '@npmcli/config'
      - '@npmcli/fs'
      - '@npmcli/map-workspaces'
      - '@npmcli/package-json'
      - '@npmcli/promise-spawn'
      - '@npmcli/redact'
      - '@npmcli/run-script'
      - '@sigstore/tuf'
      - abbrev
      - archy
      - cacache
      - chalk
      - ci-info
      - cli-columns
      - fastest-levenshtein
      - fs-minipass
      - glob
      - graceful-fs
      - hosted-git-info
      - ini
      - init-package-json
      - is-cidr
      - json-parse-even-better-errors
      - libnpmaccess
      - libnpmdiff
      - libnpmexec
      - libnpmfund
      - libnpmorg
      - libnpmpack
      - libnpmpublish
      - libnpmsearch
      - libnpmteam
      - libnpmversion
      - make-fetch-happen
      - minimatch
      - minipass
      - minipass-pipeline
      - ms
      - node-gyp
      - nopt
      - normalize-package-data
      - npm-audit-report
      - npm-install-checks
      - npm-package-arg
      - npm-pick-manifest
      - npm-profile
      - npm-registry-fetch
      - npm-user-validate
      - p-map
      - pacote
      - parse-conflict-json
      - proc-log
      - qrcode-terminal
      - read
      - semver
      - spdx-expression-parse
      - ssri
      - supports-color
      - tar
      - text-table
      - tiny-relative-date
      - treeverse
      - validate-npm-package-name
      - which

  typescript@5.8.2:
    resolution: {integrity: sha512-aJn6wq13/afZp/jT9QZmwEjDqqvSGp1VT5GVg+f/t6/oVyrgXM6BY1h9BRh/O5p3PlUPAe+WuiEZOmb/49RqoQ==}
    engines: {node: '>=14.17'}
    hasBin: true

snapshots:

  a@https://pkg.pr.new/zirkelc/pkg-pr-new-publishconfig/a@2daeb78bc95535042afc448deab0201b29ed7993: {}

  b@https://pkg.pr.new/zirkelc/pkg-pr-new-publishconfig/b@1:
    dependencies:
      a: https://pkg.pr.new/zirkelc/pkg-pr-new-publishconfig/a@2daeb78bc95535042afc448deab0201b29ed7993

  i@0.3.7: {}

  npm@11.2.0: {}

  typescript@5.8.2: {}
