lockfileVersion: '9.0'

settings:
  autoInstallPeers: true
  excludeLinksFromLockfile: false

importers:

  .:
    devDependencies:
      b:
        specifier: https://pkg.pr.new/zirkelc/pkg-pr-new-publishconfig/b@1
        version: https://pkg.pr.new/zirkelc/pkg-pr-new-publishconfig/b@1
      typescript:
        specifier: ^5.8.2
        version: 5.8.2

  packages/a:
    devDependencies:
      typescript:
        specifier: ^5.8.2
        version: 5.8.2

  packages/b:
    dependencies:
      a:
        specifier: workspace:*
        version: link:../a
    devDependencies:
      typescript:
        specifier: ^5.8.2
        version: 5.8.2

packages:

  a@https://pkg.pr.new/zirkelc/pkg-pr-new-publishconfig/a@2daeb78bc95535042afc448deab0201b29ed7993:
    resolution: {tarball: https://pkg.pr.new/zirkelc/pkg-pr-new-publishconfig/a@2daeb78bc95535042afc448deab0201b29ed7993}
    version: 1.0.0

  b@https://pkg.pr.new/zirkelc/pkg-pr-new-publishconfig/b@1:
    resolution: {tarball: https://pkg.pr.new/zirkelc/pkg-pr-new-publishconfig/b@1}
    version: 1.0.0

  typescript@5.8.2:
    resolution: {integrity: sha512-aJn6wq13/afZp/jT9QZmwEjDqqvSGp1VT5GVg+f/t6/oVyrgXM6BY1h9BRh/O5p3PlUPAe+WuiEZOmb/49RqoQ==}
    engines: {node: '>=14.17'}
    hasBin: true

snapshots:

  a@https://pkg.pr.new/zirkelc/pkg-pr-new-publishconfig/a@2daeb78bc95535042afc448deab0201b29ed7993: {}

  b@https://pkg.pr.new/zirkelc/pkg-pr-new-publishconfig/b@1:
    dependencies:
      a: https://pkg.pr.new/zirkelc/pkg-pr-new-publishconfig/a@2daeb78bc95535042afc448deab0201b29ed7993

  typescript@5.8.2: {}
